
Microsoft Visual Studio Solution File, Format Version 12.00
# Visual Studio 2012
Project("{FAE04EC0-301F-11D3-BF4B-00C04F79EFBC}") = "ChineseSchool", "ChineseSchool\ChineseSchool.csproj", "{2ADCA9AC-489D-49A1-BED3-A804C3FCB416}"
EndProject
Project("{FAE04EC0-301F-11D3-BF4B-00C04F79EFBC}") = "UnitTest_ChineseSchool", "UnitTest_ChineseSchool\UnitTest_ChineseSchool.csproj", "{C67A1844-45B8-4AB3-9D48-335153A8D385}"
EndProject
Global
	GlobalSection(SolutionConfigurationPlatforms) = preSolution
		Debug|Any CPU = Debug|Any CPU
		Release|Any CPU = Release|Any CPU
	EndGlobalSection
	GlobalSection(ProjectConfigurationPlatforms) = postSolution
		{2ADCA9AC-489D-49A1-BED3-A804C3FCB416}.Debug|Any CPU.ActiveCfg = Debug|Any CPU
		{2ADCA9AC-489D-49A1-BED3-A804C3FCB416}.Debug|Any CPU.Build.0 = Debug|Any CPU
		{2ADCA9AC-489D-49A1-BED3-A804C3FCB416}.Release|Any CPU.ActiveCfg = Release|Any CPU
		{2ADCA9AC-489D-49A1-BED3-A804C3FCB416}.Release|Any CPU.Build.0 = Release|Any CPU
		{C67A1844-45B8-4AB3-9D48-335153A8D385}.Debug|Any CPU.ActiveCfg = Debug|Any CPU
		{C67A1844-45B8-4AB3-9D48-335153A8D385}.Debug|Any CPU.Build.0 = Debug|Any CPU
		{C67A1844-45B8-4AB3-9D48-335153A8D385}.Release|Any CPU.ActiveCfg = Release|Any CPU
		{C67A1844-45B8-4AB3-9D48-335153A8D385}.Release|Any CPU.Build.0 = Release|Any CPU
	EndGlobalSection
	GlobalSection(SolutionProperties) = preSolution
		HideSolutionNode = FALSE
	EndGlobalSection
EndGlobal
